
Microsoft Visual Studio Solution File, Format Version 12.00
# Visual Studio Version 16
VisualStudioVersion = 16.0.31321.278
MinimumVisualStudioVersion = 10.0.40219.1
Project("{E24C65DC-7377-472B-9ABA-BC803B73C61A}") = "wwwroot", "Elevator Web Site\wwwroot\", "{BB0DD484-7E77-4C1D-A96A-346090B316B6}"
	ProjectSection(WebsiteProperties) = preProject
		TargetFrameworkMoniker = ".NETFramework,Version%3Dv4.6.1"
		Debug.AspNetCompiler.VirtualPath = "/localhost_51839"
		Debug.AspNetCompiler.PhysicalPath = "Elevator Web Site\wwwroot\"
		Debug.AspNetCompiler.TargetPath = "PrecompiledWeb\localhost_51839\"
		Debug.AspNetCompiler.Updateable = "true"
		Debug.AspNetCompiler.ForceOverwrite = "true"
		Debug.AspNetCompiler.FixedNames = "false"
		Debug.AspNetCompiler.Debug = "True"
		Release.AspNetCompiler.VirtualPath = "/localhost_51839"
		Release.AspNetCompiler.PhysicalPath = "Elevator Web Site\wwwroot\"
		Release.AspNetCompiler.TargetPath = "PrecompiledWeb\localhost_51839\"
		Release.AspNetCompiler.Updateable = "true"
		Release.AspNetCompiler.ForceOverwrite = "true"
		Release.AspNetCompiler.FixedNames = "false"
		Release.AspNetCompiler.Debug = "False"
		VWDPort = "51839"
		SlnRelativePath = "Elevator Web Site\wwwroot\"
	EndProjectSection
EndProject
Global
	GlobalSection(SolutionConfigurationPlatforms) = preSolution
		Debug|Any CPU = Debug|Any CPU
	EndGlobalSection
	GlobalSection(ProjectConfigurationPlatforms) = postSolution
		{BB0DD484-7E77-4C1D-A96A-346090B316B6}.Debug|Any CPU.ActiveCfg = Debug|Any CPU
		{BB0DD484-7E77-4C1D-A96A-346090B316B6}.Debug|Any CPU.Build.0 = Debug|Any CPU
	EndGlobalSection
	GlobalSection(SolutionProperties) = preSolution
		HideSolutionNode = FALSE
	EndGlobalSection
	GlobalSection(ExtensibilityGlobals) = postSolution
		SolutionGuid = {A54757F7-4AC6-46F7-9FCB-F840E8DBD2D2}
	EndGlobalSection
EndGlobal
