
Microsoft Visual Studio Solution File, Format Version 12.00
# Visual Studio Version 16
VisualStudioVersion = 16.0.31321.278
MinimumVisualStudioVersion = 10.0.40219.1
Project("{FAE04EC0-301F-11D3-BF4B-00C04F79EFBC}") = "Scale_Service", "Scale_Service\Scale_Service.csproj", "{943645E8-CE3C-45D3-B450-04CB25198D31}"
EndProject
Project("{54435603-DBB4-11D2-8724-00A0C9A8B90C}") = "Scale_Service_Setup", "Scale_Service_Setup\Scale_Service_Setup.vdproj", "{D05ACFE7-6468-41B0-8C70-9FEE40C91867}"
EndProject
Global
	GlobalSection(SolutionConfigurationPlatforms) = preSolution
		Debug|Any CPU = Debug|Any CPU
		Release|Any CPU = Release|Any CPU
	EndGlobalSection
	GlobalSection(ProjectConfigurationPlatforms) = postSolution
		{943645E8-CE3C-45D3-B450-04CB25198D31}.Debug|Any CPU.ActiveCfg = Debug|Any CPU
		{943645E8-CE3C-45D3-B450-04CB25198D31}.Debug|Any CPU.Build.0 = Debug|Any CPU
		{943645E8-CE3C-45D3-B450-04CB25198D31}.Release|Any CPU.ActiveCfg = Release|Any CPU
		{943645E8-CE3C-45D3-B450-04CB25198D31}.Release|Any CPU.Build.0 = Release|Any CPU
		{D05ACFE7-6468-41B0-8C70-9FEE40C91867}.Debug|Any CPU.ActiveCfg = Debug
		{D05ACFE7-6468-41B0-8C70-9FEE40C91867}.Release|Any CPU.ActiveCfg = Release
	EndGlobalSection
	GlobalSection(SolutionProperties) = preSolution
		HideSolutionNode = FALSE
	EndGlobalSection
	GlobalSection(ExtensibilityGlobals) = postSolution
		SolutionGuid = {6F99ED40-37AA-495E-969E-20C91E16831D}
	EndGlobalSection
EndGlobal
