
Microsoft Visual Studio Solution File, Format Version 12.00
# Visual Studio Version 17
VisualStudioVersion = 17.9.34728.123
MinimumVisualStudioVersion = 10.0.40219.1
Project("{9A19103F-16F7-4668-BE54-9A1E7A4F7556}") = "ScaleSimulatorWinForm", "ScaleSimulatorWinForm\ScaleSimulatorWinForm.csproj", "{7ACE84A9-7598-441D-83E7-E755131E6498}"
EndProject
Global
	GlobalSection(SolutionConfigurationPlatforms) = preSolution
		Debug|Any CPU = Debug|Any CPU
		Debug|x64 = Debug|x64
		Release|Any CPU = Release|Any CPU
		Release|x64 = Release|x64
	EndGlobalSection
	GlobalSection(ProjectConfigurationPlatforms) = postSolution
		{7ACE84A9-7598-441D-83E7-E755131E6498}.Debug|Any CPU.ActiveCfg = Debug|Any CPU
		{7ACE84A9-7598-441D-83E7-E755131E6498}.Debug|Any CPU.Build.0 = Debug|Any CPU
		{7ACE84A9-7598-441D-83E7-E755131E6498}.Debug|x64.ActiveCfg = Debug|x64
		{7ACE84A9-7598-441D-83E7-E755131E6498}.Debug|x64.Build.0 = Debug|x64
		{7ACE84A9-7598-441D-83E7-E755131E6498}.Release|Any CPU.ActiveCfg = Release|Any CPU
		{7ACE84A9-7598-441D-83E7-E755131E6498}.Release|Any CPU.Build.0 = Release|Any CPU
		{7ACE84A9-7598-441D-83E7-E755131E6498}.Release|x64.ActiveCfg = Release|x64
		{7ACE84A9-7598-441D-83E7-E755131E6498}.Release|x64.Build.0 = Release|x64
	EndGlobalSection
	GlobalSection(SolutionProperties) = preSolution
		HideSolutionNode = FALSE
	EndGlobalSection
	GlobalSection(ExtensibilityGlobals) = postSolution
		SolutionGuid = {1C2DA5AD-4D2D-4CBB-AC08-CED8E3C870EF}
	EndGlobalSection
EndGlobal
