
Microsoft Visual Studio Solution File, Format Version 12.00
# Visual Studio Version 16
VisualStudioVersion = 16.0.31321.278
MinimumVisualStudioVersion = 10.0.40219.1
Project("{FAE04EC0-301F-11D3-BF4B-00C04F79EFBC}") = "MultiDisplay", "MultiDisplay\MultiDisplay.csproj", "{C1E7C79C-8252-49B9-A80A-E9B305A4F51A}"
EndProject
Global
	GlobalSection(SolutionConfigurationPlatforms) = preSolution
		Debug|Any CPU = Debug|Any CPU
		Debug|x86 = Debug|x86
		Release|Any CPU = Release|Any CPU
		Release|x86 = Release|x86
	EndGlobalSection
	GlobalSection(ProjectConfigurationPlatforms) = postSolution
		{C1E7C79C-8252-49B9-A80A-E9B305A4F51A}.Debug|Any CPU.ActiveCfg = Debug|Any CPU
		{C1E7C79C-8252-49B9-A80A-E9B305A4F51A}.Debug|Any CPU.Build.0 = Debug|Any CPU
		{C1E7C79C-8252-49B9-A80A-E9B305A4F51A}.Debug|x86.ActiveCfg = Debug|x86
		{C1E7C79C-8252-49B9-A80A-E9B305A4F51A}.Debug|x86.Build.0 = Debug|x86
		{C1E7C79C-8252-49B9-A80A-E9B305A4F51A}.Release|Any CPU.ActiveCfg = Release|Any CPU
		{C1E7C79C-8252-49B9-A80A-E9B305A4F51A}.Release|Any CPU.Build.0 = Release|Any CPU
		{C1E7C79C-8252-49B9-A80A-E9B305A4F51A}.Release|x86.ActiveCfg = Release|x86
		{C1E7C79C-8252-49B9-A80A-E9B305A4F51A}.Release|x86.Build.0 = Release|x86
	EndGlobalSection
	GlobalSection(SolutionProperties) = preSolution
		HideSolutionNode = FALSE
	EndGlobalSection
	GlobalSection(ExtensibilityGlobals) = postSolution
		SolutionGuid = {0E815067-73D3-4758-BADB-694743BBA158}
	EndGlobalSection
EndGlobal
