
Microsoft Visual Studio Solution File, Format Version 12.00
# Visual Studio Version 17
VisualStudioVersion = 17.14.36518.9 d17.14
MinimumVisualStudioVersion = 10.0.40219.1
Project("{FAE04EC0-301F-11D3-BF4B-00C04F79EFBC}") = "FileMirrorMover", "FileMirrorMover.csproj", "{28FB8963-9BFB-F5FA-ED17-B41A5170729C}"
EndProject
Global
	GlobalSection(SolutionConfigurationPlatforms) = preSolution
		Debug|Any CPU = Debug|Any CPU
		Release|Any CPU = Release|Any CPU
	EndGlobalSection
	GlobalSection(ProjectConfigurationPlatforms) = postSolution
		{28FB8963-9BFB-F5FA-ED17-B41A5170729C}.Debug|Any CPU.ActiveCfg = Debug|Any CPU
		{28FB8963-9BFB-F5FA-ED17-B41A5170729C}.Debug|Any CPU.Build.0 = Debug|Any CPU
		{28FB8963-9BFB-F5FA-ED17-B41A5170729C}.Release|Any CPU.ActiveCfg = Release|Any CPU
		{28FB8963-9BFB-F5FA-ED17-B41A5170729C}.Release|Any CPU.Build.0 = Release|Any CPU
	EndGlobalSection
	GlobalSection(SolutionProperties) = preSolution
		HideSolutionNode = FALSE
	EndGlobalSection
	GlobalSection(ExtensibilityGlobals) = postSolution
		SolutionGuid = {58B3D652-5620-4F52-8219-3A92CF64E777}
	EndGlobalSection
EndGlobal
