
Microsoft Visual Studio Solution File, Format Version 12.00
# Visual Studio Version 17
VisualStudioVersion = 17.14.36518.9 d17.14
MinimumVisualStudioVersion = 10.0.40219.1
Project("{FAE04EC0-301F-11D3-BF4B-00C04F79EFBC}") = "GrainManagement", "GrainManagement.csproj", "{3E5C444B-CAFD-4F9B-967F-FACA8CA03DF0}"
EndProject
Global
	GlobalSection(SolutionConfigurationPlatforms) = preSolution
		Debug|Any CPU = Debug|Any CPU
		Release|Any CPU = Release|Any CPU
	EndGlobalSection
	GlobalSection(ProjectConfigurationPlatforms) = postSolution
		{3E5C444B-CAFD-4F9B-967F-FACA8CA03DF0}.Debug|Any CPU.ActiveCfg = Debug|Any CPU
		{3E5C444B-CAFD-4F9B-967F-FACA8CA03DF0}.Debug|Any CPU.Build.0 = Debug|Any CPU
		{3E5C444B-CAFD-4F9B-967F-FACA8CA03DF0}.Release|Any CPU.ActiveCfg = Release|Any CPU
		{3E5C444B-CAFD-4F9B-967F-FACA8CA03DF0}.Release|Any CPU.Build.0 = Release|Any CPU
	EndGlobalSection
	GlobalSection(SolutionProperties) = preSolution
		HideSolutionNode = FALSE
	EndGlobalSection
	GlobalSection(ExtensibilityGlobals) = postSolution
		SolutionGuid = {AD4B4D7A-520B-475A-ABAB-F65875DC0947}
	EndGlobalSection
EndGlobal
