
Microsoft Visual Studio Solution File, Format Version 12.00
# Visual Studio Version 17
VisualStudioVersion = 17.14.36310.24 d17.14
MinimumVisualStudioVersion = 10.0.40219.1
Project("{FAE04EC0-301F-11D3-BF4B-00C04F79EFBC}") = "KioskButtonService", "KioskButtonService.csproj", "{DC537865-8838-E610-6F8B-D9676F1103F4}"
EndProject
Global
	GlobalSection(SolutionConfigurationPlatforms) = preSolution
		Debug|Any CPU = Debug|Any CPU
		Release|Any CPU = Release|Any CPU
	EndGlobalSection
	GlobalSection(ProjectConfigurationPlatforms) = postSolution
		{DC537865-8838-E610-6F8B-D9676F1103F4}.Debug|Any CPU.ActiveCfg = Debug|Any CPU
		{DC537865-8838-E610-6F8B-D9676F1103F4}.Debug|Any CPU.Build.0 = Debug|Any CPU
		{DC537865-8838-E610-6F8B-D9676F1103F4}.Release|Any CPU.ActiveCfg = Release|Any CPU
		{DC537865-8838-E610-6F8B-D9676F1103F4}.Release|Any CPU.Build.0 = Release|Any CPU
	EndGlobalSection
	GlobalSection(SolutionProperties) = preSolution
		HideSolutionNode = FALSE
	EndGlobalSection
	GlobalSection(ExtensibilityGlobals) = postSolution
		SolutionGuid = {5CDB016A-2A38-4509-A4F5-86430295AE4C}
	EndGlobalSection
EndGlobal
