
Microsoft Visual Studio Solution File, Format Version 12.00
# Visual Studio Version 17
VisualStudioVersion = 17.14.36518.9
MinimumVisualStudioVersion = 10.0.40219.1
Project("{FAE04EC0-301F-11D3-BF4B-00C04F79EFBC}") = "AgvantageTransferV2", "AgvantageTransferV2.csproj", "{2C4B0558-D95C-403F-9238-D91BAB987E79}"
EndProject
Global
	GlobalSection(SolutionConfigurationPlatforms) = preSolution
		Debug|Any CPU = Debug|Any CPU
		Release|Any CPU = Release|Any CPU
	EndGlobalSection
	GlobalSection(ProjectConfigurationPlatforms) = postSolution
		{2C4B0558-D95C-403F-9238-D91BAB987E79}.Debug|Any CPU.ActiveCfg = Debug|Any CPU
		{2C4B0558-D95C-403F-9238-D91BAB987E79}.Debug|Any CPU.Build.0 = Debug|Any CPU
		{2C4B0558-D95C-403F-9238-D91BAB987E79}.Release|Any CPU.ActiveCfg = Release|Any CPU
		{2C4B0558-D95C-403F-9238-D91BAB987E79}.Release|Any CPU.Build.0 = Release|Any CPU
	EndGlobalSection
	GlobalSection(SolutionProperties) = preSolution
		HideSolutionNode = FALSE
	EndGlobalSection
	GlobalSection(ExtensibilityGlobals) = postSolution
		SolutionGuid = {06B4D86F-30F0-4ADD-A634-D244BBBEC3BD}
	EndGlobalSection
EndGlobal
