
Microsoft Visual Studio Solution File, Format Version 12.00
# Visual Studio 14
VisualStudioVersion = 14.0.25420.1
MinimumVisualStudioVersion = 10.0.40219.1
Project("{FAE04EC0-301F-11D3-BF4B-00C04F79EFBC}") = "TransferService", "TransferService\TransferService.csproj", "{943645E8-CE3C-45D3-B450-04CB25198D31}"
EndProject
Project("{54435603-DBB4-11D2-8724-00A0C9A8B90C}") = "AgvantageTransferService_Setup", "TransferService_Setup\TransferService_Setup.vdproj", "{D05ACFE7-6468-41B0-8C70-9FEE40C91867}"
EndProject
Project("{FAE04EC0-301F-11D3-BF4B-00C04F79EFBC}") = "Test", "Test Connection\Test.csproj", "{186CAEAA-F78B-4AFE-A66F-79EFE9CD54DF}"
EndProject
Global
	GlobalSection(SolutionConfigurationPlatforms) = preSolution
		Debug|Any CPU = Debug|Any CPU
		Release|Any CPU = Release|Any CPU
	EndGlobalSection
	GlobalSection(ProjectConfigurationPlatforms) = postSolution
		{943645E8-CE3C-45D3-B450-04CB25198D31}.Debug|Any CPU.ActiveCfg = Debug|Any CPU
		{943645E8-CE3C-45D3-B450-04CB25198D31}.Debug|Any CPU.Build.0 = Debug|Any CPU
		{943645E8-CE3C-45D3-B450-04CB25198D31}.Release|Any CPU.ActiveCfg = Release|Any CPU
		{943645E8-CE3C-45D3-B450-04CB25198D31}.Release|Any CPU.Build.0 = Release|Any CPU
		{D05ACFE7-6468-41B0-8C70-9FEE40C91867}.Debug|Any CPU.ActiveCfg = Debug
		{D05ACFE7-6468-41B0-8C70-9FEE40C91867}.Release|Any CPU.ActiveCfg = Release
		{186CAEAA-F78B-4AFE-A66F-79EFE9CD54DF}.Debug|Any CPU.ActiveCfg = Debug|Any CPU
		{186CAEAA-F78B-4AFE-A66F-79EFE9CD54DF}.Debug|Any CPU.Build.0 = Debug|Any CPU
		{186CAEAA-F78B-4AFE-A66F-79EFE9CD54DF}.Release|Any CPU.ActiveCfg = Release|Any CPU
		{186CAEAA-F78B-4AFE-A66F-79EFE9CD54DF}.Release|Any CPU.Build.0 = Release|Any CPU
	EndGlobalSection
	GlobalSection(SolutionProperties) = preSolution
		HideSolutionNode = FALSE
	EndGlobalSection
EndGlobal
