
Microsoft Visual Studio Solution File, Format Version 12.00
# Visual Studio Version 16
VisualStudioVersion = 16.0.31321.278
MinimumVisualStudioVersion = 10.0.40219.1
Project("{FAE04EC0-301F-11D3-BF4B-00C04F79EFBC}") = "RenameMachine", "RenameMachine\RenameMachine.csproj", "{AABED9EC-7074-4EBE-8E01-F62D4203A919}"
EndProject
Global
	GlobalSection(SolutionConfigurationPlatforms) = preSolution
		Debug|Any CPU = Debug|Any CPU
		Release|Any CPU = Release|Any CPU
	EndGlobalSection
	GlobalSection(ProjectConfigurationPlatforms) = postSolution
		{AABED9EC-7074-4EBE-8E01-F62D4203A919}.Debug|Any CPU.ActiveCfg = Debug|Any CPU
		{AABED9EC-7074-4EBE-8E01-F62D4203A919}.Debug|Any CPU.Build.0 = Debug|Any CPU
		{AABED9EC-7074-4EBE-8E01-F62D4203A919}.Release|Any CPU.ActiveCfg = Release|Any CPU
		{AABED9EC-7074-4EBE-8E01-F62D4203A919}.Release|Any CPU.Build.0 = Release|Any CPU
	EndGlobalSection
	GlobalSection(SolutionProperties) = preSolution
		HideSolutionNode = FALSE
	EndGlobalSection
	GlobalSection(ExtensibilityGlobals) = postSolution
		SolutionGuid = {1CB48F7C-014E-4DAF-BE08-38282B3914CB}
	EndGlobalSection
EndGlobal
