
Microsoft Visual Studio Solution File, Format Version 12.00
# Visual Studio 14
VisualStudioVersion = 14.0.25420.1
MinimumVisualStudioVersion = 10.0.40219.1
Project("{FAE04EC0-301F-11D3-BF4B-00C04F79EFBC}") = "PLC_Controller", "..\PLC_Controller\PLC_Controller.csproj", "{F25F1A68-08C0-44D3-8E70-9D33EDB1FA79}"
EndProject
Project("{54435603-DBB4-11D2-8724-00A0C9A8B90C}") = "LoadoutConnectionSetup", "Loadout_Connection_Setup\LoadoutConnectionSetup\LoadoutConnectionSetup.vdproj", "{BD2B5C02-2D3F-4830-B089-C41C2B7962A7}"
EndProject
Project("{FAE04EC0-301F-11D3-BF4B-00C04F79EFBC}") = "Loadout_Connection_Service", "Service\Loadout_Connection_Service\Loadout_Connection_Service.csproj", "{B24C0CEC-4C56-4FF6-9EC2-057663C03293}"
EndProject
Project("{FAE04EC0-301F-11D3-BF4B-00C04F79EFBC}") = "LibplctagWrapper", "..\LibplctagWrapper\LibplctagWrapper.csproj", "{394ABFC2-E570-462E-9994-37B33C348702}"
EndProject
Project("{FAE04EC0-301F-11D3-BF4B-00C04F79EFBC}") = "TestApp", "..\TestApp\TestApp\TestApp.csproj", "{293DB4D3-0EBE-4C07-8D81-CA26030C9112}"
EndProject
Project("{FAE04EC0-301F-11D3-BF4B-00C04F79EFBC}") = "WW_LGX_PLC", "..\WW_LGX_PLC\WW_LGX_PLC.csproj", "{362DF87A-B109-401A-B7CC-671ECFE5C166}"
EndProject
Global
	GlobalSection(SolutionConfigurationPlatforms) = preSolution
		Debug|Any CPU = Debug|Any CPU
		Debug|x86 = Debug|x86
		Release|Any CPU = Release|Any CPU
		Release|x86 = Release|x86
		x86|Any CPU = x86|Any CPU
		x86|x86 = x86|x86
	EndGlobalSection
	GlobalSection(ProjectConfigurationPlatforms) = postSolution
		{F25F1A68-08C0-44D3-8E70-9D33EDB1FA79}.Debug|Any CPU.ActiveCfg = Debug|Any CPU
		{F25F1A68-08C0-44D3-8E70-9D33EDB1FA79}.Debug|Any CPU.Build.0 = Debug|Any CPU
		{F25F1A68-08C0-44D3-8E70-9D33EDB1FA79}.Debug|x86.ActiveCfg = Debug|Any CPU
		{F25F1A68-08C0-44D3-8E70-9D33EDB1FA79}.Debug|x86.Build.0 = Debug|Any CPU
		{F25F1A68-08C0-44D3-8E70-9D33EDB1FA79}.Release|Any CPU.ActiveCfg = Release|Any CPU
		{F25F1A68-08C0-44D3-8E70-9D33EDB1FA79}.Release|Any CPU.Build.0 = Release|Any CPU
		{F25F1A68-08C0-44D3-8E70-9D33EDB1FA79}.Release|x86.ActiveCfg = Release|Any CPU
		{F25F1A68-08C0-44D3-8E70-9D33EDB1FA79}.Release|x86.Build.0 = Release|Any CPU
		{F25F1A68-08C0-44D3-8E70-9D33EDB1FA79}.x86|Any CPU.ActiveCfg = Release|Any CPU
		{F25F1A68-08C0-44D3-8E70-9D33EDB1FA79}.x86|Any CPU.Build.0 = Release|Any CPU
		{F25F1A68-08C0-44D3-8E70-9D33EDB1FA79}.x86|x86.ActiveCfg = Release|Any CPU
		{F25F1A68-08C0-44D3-8E70-9D33EDB1FA79}.x86|x86.Build.0 = Release|Any CPU
		{BD2B5C02-2D3F-4830-B089-C41C2B7962A7}.Debug|Any CPU.ActiveCfg = Debug
		{BD2B5C02-2D3F-4830-B089-C41C2B7962A7}.Debug|x86.ActiveCfg = Debug
		{BD2B5C02-2D3F-4830-B089-C41C2B7962A7}.Debug|x86.Build.0 = Debug
		{BD2B5C02-2D3F-4830-B089-C41C2B7962A7}.Release|Any CPU.ActiveCfg = Release
		{BD2B5C02-2D3F-4830-B089-C41C2B7962A7}.Release|x86.ActiveCfg = Release
		{BD2B5C02-2D3F-4830-B089-C41C2B7962A7}.Release|x86.Build.0 = Release
		{BD2B5C02-2D3F-4830-B089-C41C2B7962A7}.x86|Any CPU.ActiveCfg = Release
		{BD2B5C02-2D3F-4830-B089-C41C2B7962A7}.x86|Any CPU.Build.0 = Release
		{BD2B5C02-2D3F-4830-B089-C41C2B7962A7}.x86|x86.ActiveCfg = Release
		{BD2B5C02-2D3F-4830-B089-C41C2B7962A7}.x86|x86.Build.0 = Release
		{B24C0CEC-4C56-4FF6-9EC2-057663C03293}.Debug|Any CPU.ActiveCfg = Debug|Any CPU
		{B24C0CEC-4C56-4FF6-9EC2-057663C03293}.Debug|Any CPU.Build.0 = Debug|Any CPU
		{B24C0CEC-4C56-4FF6-9EC2-057663C03293}.Debug|x86.ActiveCfg = Debug|Any CPU
		{B24C0CEC-4C56-4FF6-9EC2-057663C03293}.Debug|x86.Build.0 = Debug|Any CPU
		{B24C0CEC-4C56-4FF6-9EC2-057663C03293}.Release|Any CPU.ActiveCfg = Release|Any CPU
		{B24C0CEC-4C56-4FF6-9EC2-057663C03293}.Release|Any CPU.Build.0 = Release|Any CPU
		{B24C0CEC-4C56-4FF6-9EC2-057663C03293}.Release|x86.ActiveCfg = Release|Any CPU
		{B24C0CEC-4C56-4FF6-9EC2-057663C03293}.Release|x86.Build.0 = Release|Any CPU
		{B24C0CEC-4C56-4FF6-9EC2-057663C03293}.x86|Any CPU.ActiveCfg = Release|Any CPU
		{B24C0CEC-4C56-4FF6-9EC2-057663C03293}.x86|Any CPU.Build.0 = Release|Any CPU
		{B24C0CEC-4C56-4FF6-9EC2-057663C03293}.x86|x86.ActiveCfg = Release|Any CPU
		{B24C0CEC-4C56-4FF6-9EC2-057663C03293}.x86|x86.Build.0 = Release|Any CPU
		{394ABFC2-E570-462E-9994-37B33C348702}.Debug|Any CPU.ActiveCfg = Debug|Any CPU
		{394ABFC2-E570-462E-9994-37B33C348702}.Debug|Any CPU.Build.0 = Debug|Any CPU
		{394ABFC2-E570-462E-9994-37B33C348702}.Debug|x86.ActiveCfg = Debug|x86
		{394ABFC2-E570-462E-9994-37B33C348702}.Debug|x86.Build.0 = Debug|x86
		{394ABFC2-E570-462E-9994-37B33C348702}.Release|Any CPU.ActiveCfg = Release|Any CPU
		{394ABFC2-E570-462E-9994-37B33C348702}.Release|Any CPU.Build.0 = Release|Any CPU
		{394ABFC2-E570-462E-9994-37B33C348702}.Release|x86.ActiveCfg = Release|x86
		{394ABFC2-E570-462E-9994-37B33C348702}.Release|x86.Build.0 = Release|x86
		{394ABFC2-E570-462E-9994-37B33C348702}.x86|Any CPU.ActiveCfg = x86|Any CPU
		{394ABFC2-E570-462E-9994-37B33C348702}.x86|Any CPU.Build.0 = x86|Any CPU
		{394ABFC2-E570-462E-9994-37B33C348702}.x86|x86.ActiveCfg = x86|x86
		{394ABFC2-E570-462E-9994-37B33C348702}.x86|x86.Build.0 = x86|x86
		{293DB4D3-0EBE-4C07-8D81-CA26030C9112}.Debug|Any CPU.ActiveCfg = Debug|Any CPU
		{293DB4D3-0EBE-4C07-8D81-CA26030C9112}.Debug|Any CPU.Build.0 = Debug|Any CPU
		{293DB4D3-0EBE-4C07-8D81-CA26030C9112}.Debug|x86.ActiveCfg = Debug|Any CPU
		{293DB4D3-0EBE-4C07-8D81-CA26030C9112}.Debug|x86.Build.0 = Debug|Any CPU
		{293DB4D3-0EBE-4C07-8D81-CA26030C9112}.Release|Any CPU.ActiveCfg = Release|Any CPU
		{293DB4D3-0EBE-4C07-8D81-CA26030C9112}.Release|Any CPU.Build.0 = Release|Any CPU
		{293DB4D3-0EBE-4C07-8D81-CA26030C9112}.Release|x86.ActiveCfg = Release|Any CPU
		{293DB4D3-0EBE-4C07-8D81-CA26030C9112}.Release|x86.Build.0 = Release|Any CPU
		{293DB4D3-0EBE-4C07-8D81-CA26030C9112}.x86|Any CPU.ActiveCfg = Release|Any CPU
		{293DB4D3-0EBE-4C07-8D81-CA26030C9112}.x86|Any CPU.Build.0 = Release|Any CPU
		{293DB4D3-0EBE-4C07-8D81-CA26030C9112}.x86|x86.ActiveCfg = Release|Any CPU
		{293DB4D3-0EBE-4C07-8D81-CA26030C9112}.x86|x86.Build.0 = Release|Any CPU
		{362DF87A-B109-401A-B7CC-671ECFE5C166}.Debug|Any CPU.ActiveCfg = Debug|Any CPU
		{362DF87A-B109-401A-B7CC-671ECFE5C166}.Debug|Any CPU.Build.0 = Debug|Any CPU
		{362DF87A-B109-401A-B7CC-671ECFE5C166}.Debug|x86.ActiveCfg = Debug|x86
		{362DF87A-B109-401A-B7CC-671ECFE5C166}.Debug|x86.Build.0 = Debug|x86
		{362DF87A-B109-401A-B7CC-671ECFE5C166}.Release|Any CPU.ActiveCfg = Release|Any CPU
		{362DF87A-B109-401A-B7CC-671ECFE5C166}.Release|Any CPU.Build.0 = Release|Any CPU
		{362DF87A-B109-401A-B7CC-671ECFE5C166}.Release|x86.ActiveCfg = Release|x86
		{362DF87A-B109-401A-B7CC-671ECFE5C166}.Release|x86.Build.0 = Release|x86
		{362DF87A-B109-401A-B7CC-671ECFE5C166}.x86|Any CPU.ActiveCfg = x86|Any CPU
		{362DF87A-B109-401A-B7CC-671ECFE5C166}.x86|Any CPU.Build.0 = x86|Any CPU
		{362DF87A-B109-401A-B7CC-671ECFE5C166}.x86|x86.ActiveCfg = x86|x86
		{362DF87A-B109-401A-B7CC-671ECFE5C166}.x86|x86.Build.0 = x86|x86
	EndGlobalSection
	GlobalSection(SolutionProperties) = preSolution
		HideSolutionNode = FALSE
	EndGlobalSection
EndGlobal
